
Microsoft Visual Studio Solution File, Format Version 12.00
# Visual Studio Version 17
VisualStudioVersion = 17.5.33530.505
MinimumVisualStudioVersion = 10.0.40219.1
Project("{FAE04EC0-301F-11D3-BF4B-00C04F79EFBC}") = "MyWebApi", "MyWebApi.csproj", "{A44C288C-5235-445F-929A-E1BCB799C9CB}"
EndProject
Global
	GlobalSection(SolutionConfigurationPlatforms) = preSolution
		Debug|Any CPU = Debug|Any CPU
		Release|Any CPU = Release|Any CPU
	EndGlobalSection
	GlobalSection(ProjectConfigurationPlatforms) = postSolution
		{A44C288C-5235-445F-929A-E1BCB799C9CB}.Debug|Any CPU.ActiveCfg = Debug|Any CPU
		{A44C288C-5235-445F-929A-E1BCB799C9CB}.Debug|Any CPU.Build.0 = Debug|Any CPU
		{A44C288C-5235-445F-929A-E1BCB799C9CB}.Release|Any CPU.ActiveCfg = Release|Any CPU
		{A44C288C-5235-445F-929A-E1BCB799C9CB}.Release|Any CPU.Build.0 = Release|Any CPU
	EndGlobalSection
	GlobalSection(SolutionProperties) = preSolution
		HideSolutionNode = FALSE
	EndGlobalSection
	GlobalSection(ExtensibilityGlobals) = postSolution
		SolutionGuid = {CE626B84-D86E-4956-B741-94BB9A691D53}
	EndGlobalSection
EndGlobal
